
Microsoft Visual Studio Solution File, Format Version 12.00
# Visual Studio Version 17
VisualStudioVersion = 17.13.35931.197
MinimumVisualStudioVersion = 10.0.40219.1
Project("{FAE04EC0-301F-11D3-BF4B-00C04F79EFBC}") = "PlataformaEducacional", "PlataformaEducacional\PlataformaEducacional.csproj", "{510F4A72-1E62-41EF-97DE-022591FBE3D8}"
EndProject
Project("{FAE04EC0-301F-11D3-BF4B-00C04F79EFBC}") = "PlataformaEducacional.Core", "PlataformaEducacional.Core\PlataformaEducacional.Core.csproj", "{F473B31E-94FA-49FA-95E7-F17EE03D741B}"
EndProject
Project("{2150E333-8FDC-42A3-9474-1A3956D46DE8}") = "ContentManagement", "ContentManagement", "{02EA681E-C7D8-13C7-8484-4AC65E1B71E8}"
EndProject
Project("{FAE04EC0-301F-11D3-BF4B-00C04F79EFBC}") = "PlataformaEducacional.ContentManagement.Application", "PlataformaEducacional.ContentManagement.Application\PlataformaEducacional.ContentManagement.Application.csproj", "{C74A176D-12BF-40D2-8243-3FF0A261C79A}"
EndProject
Global
	GlobalSection(SolutionConfigurationPlatforms) = preSolution
		Debug|Any CPU = Debug|Any CPU
		Release|Any CPU = Release|Any CPU
	EndGlobalSection
	GlobalSection(ProjectConfigurationPlatforms) = postSolution
		{510F4A72-1E62-41EF-97DE-022591FBE3D8}.Debug|Any CPU.ActiveCfg = Debug|Any CPU
		{510F4A72-1E62-41EF-97DE-022591FBE3D8}.Debug|Any CPU.Build.0 = Debug|Any CPU
		{510F4A72-1E62-41EF-97DE-022591FBE3D8}.Release|Any CPU.ActiveCfg = Release|Any CPU
		{510F4A72-1E62-41EF-97DE-022591FBE3D8}.Release|Any CPU.Build.0 = Release|Any CPU
		{F473B31E-94FA-49FA-95E7-F17EE03D741B}.Debug|Any CPU.ActiveCfg = Debug|Any CPU
		{F473B31E-94FA-49FA-95E7-F17EE03D741B}.Debug|Any CPU.Build.0 = Debug|Any CPU
		{F473B31E-94FA-49FA-95E7-F17EE03D741B}.Release|Any CPU.ActiveCfg = Release|Any CPU
		{F473B31E-94FA-49FA-95E7-F17EE03D741B}.Release|Any CPU.Build.0 = Release|Any CPU
		{C74A176D-12BF-40D2-8243-3FF0A261C79A}.Debug|Any CPU.ActiveCfg = Debug|Any CPU
		{C74A176D-12BF-40D2-8243-3FF0A261C79A}.Debug|Any CPU.Build.0 = Debug|Any CPU
		{C74A176D-12BF-40D2-8243-3FF0A261C79A}.Release|Any CPU.ActiveCfg = Release|Any CPU
		{C74A176D-12BF-40D2-8243-3FF0A261C79A}.Release|Any CPU.Build.0 = Release|Any CPU
	EndGlobalSection
	GlobalSection(SolutionProperties) = preSolution
		HideSolutionNode = FALSE
	EndGlobalSection
	GlobalSection(NestedProjects) = preSolution
		{C74A176D-12BF-40D2-8243-3FF0A261C79A} = {02EA681E-C7D8-13C7-8484-4AC65E1B71E8}
	EndGlobalSection
	GlobalSection(ExtensibilityGlobals) = postSolution
		SolutionGuid = {E7CD219E-E242-4881-B788-302DE2050349}
	EndGlobalSection
EndGlobal
