
Microsoft Visual Studio Solution File, Format Version 12.00
# Visual Studio Version 17
VisualStudioVersion = 17.13.35931.197
MinimumVisualStudioVersion = 10.0.40219.1
Project("{FAE04EC0-301F-11D3-BF4B-00C04F79EFBC}") = "PlataformaEducacional", "PlataformaEducacional\PlataformaEducacional.csproj", "{510F4A72-1E62-41EF-97DE-022591FBE3D8}"
EndProject
Project("{FAE04EC0-301F-11D3-BF4B-00C04F79EFBC}") = "PlataformaEducacional.Core", "PlataformaEducacional.Core\PlataformaEducacional.Core.csproj", "{F473B31E-94FA-49FA-95E7-F17EE03D741B}"
EndProject
Project("{2150E333-8FDC-42A3-9474-1A3956D46DE8}") = "ContentManagement", "ContentManagement", "{02EA681E-C7D8-13C7-8484-4AC65E1B71E8}"
EndProject
Project("{FAE04EC0-301F-11D3-BF4B-00C04F79EFBC}") = "PlataformaEducacional.ContentManagement.Application", "PlataformaEducacional.ContentManagement.Application\PlataformaEducacional.ContentManagement.Application.csproj", "{C74A176D-12BF-40D2-8243-3FF0A261C79A}"
EndProject
Project("{FAE04EC0-301F-11D3-BF4B-00C04F79EFBC}") = "PlataformaEducacional.ContentManagement.Data", "PlataformaEducacional.ContentManagement.Data\PlataformaEducacional.ContentManagement.Data.csproj", "{ED8AC4EA-E382-4B21-A3EB-5E9F2DB5B724}"
EndProject
Project("{FAE04EC0-301F-11D3-BF4B-00C04F79EFBC}") = "PlataformaEducacional.ContentManagement.Domain", "PlataformaEducacional.ContentManagement.Domain\PlataformaEducacional.ContentManagement.Domain.csproj", "{7B44630E-905B-46CF-A09B-218B244B1D1B}"
EndProject
Project("{2150E333-8FDC-42A3-9474-1A3956D46DE8}") = "StudentAdministration", "StudentAdministration", "{36A78E05-2E5F-4286-86B1-9ADEB6412D0C}"
EndProject
Project("{FAE04EC0-301F-11D3-BF4B-00C04F79EFBC}") = "PlataformaEducacional.StudentAdministration.Application", "PlataformaEducacional.StudentAdministration.Application\PlataformaEducacional.StudentAdministration.Application.csproj", "{8D3D1276-DF7E-4559-ABC2-0FBDFB529238}"
EndProject
Project("{FAE04EC0-301F-11D3-BF4B-00C04F79EFBC}") = "PlataformaEducacional.StudentAdministration.Data", "PlataformaEducacional.StudentAdministration.Data\PlataformaEducacional.StudentAdministration.Data.csproj", "{73B6738F-5764-479B-83B6-0F855B871BCD}"
EndProject
Project("{FAE04EC0-301F-11D3-BF4B-00C04F79EFBC}") = "PlataformaEducacional.StudentAdministration.Domain", "PlataformaEducacional.StudentAdministration.Domain\PlataformaEducacional.StudentAdministration.Domain.csproj", "{906D3265-CB51-448D-937C-969C01ABB45C}"
EndProject
Project("{2150E333-8FDC-42A3-9474-1A3956D46DE8}") = "FinancialManagement", "FinancialManagement", "{C69E7900-F82B-4C28-BFF9-7F74E559F9F7}"
EndProject
Project("{FAE04EC0-301F-11D3-BF4B-00C04F79EFBC}") = "PlataformaEducacional.FinancialManagement.Core", "PlataformaEducacional.FinancialManagement.Core\PlataformaEducacional.FinancialManagement.Core.csproj", "{56729051-8811-4115-9C9B-A7672152E66C}"
EndProject
Project("{FAE04EC0-301F-11D3-BF4B-00C04F79EFBC}") = "PlataformaEducacional.FinancialManagement.Integration", "PlataformaEducacional.FinancialManagement.Integration\PlataformaEducacional.FinancialManagement.Integration.csproj", "{96C759FA-37A2-42CC-AD9F-8E7904A20FAF}"
EndProject
Project("{FAE04EC0-301F-11D3-BF4B-00C04F79EFBC}") = "PlataformaEducacional.FinancialManagement.Data", "PlataformaEducacional.FinancialManagement.Data\PlataformaEducacional.FinancialManagement.Data.csproj", "{08541466-0AD3-4379-871F-39D1F814BA1D}"
EndProject
Project("{2150E333-8FDC-42A3-9474-1A3956D46DE8}") = "Services", "Services", "{6B6F3F35-69CC-4C99-B26F-30AB1B54F9EA}"
EndProject
Project("{2150E333-8FDC-42A3-9474-1A3956D46DE8}") = "Testes", "Testes", "{501E9840-B0D5-441E-AA7F-4328DDB0216C}"
EndProject
Project("{FAE04EC0-301F-11D3-BF4B-00C04F79EFBC}") = "PlataformaEducacional.StudentAdministration.Domain.Tests", "PlataformaEducacional.StudentAdministration.Domain.Tests\PlataformaEducacional.StudentAdministration.Domain.Tests.csproj", "{24891258-64C8-4227-BCF0-0E0CC0E4CBCA}"
EndProject
Project("{FAE04EC0-301F-11D3-BF4B-00C04F79EFBC}") = "PlataformaEducacional.StudentAdministration.Application.Tests", "PlataformaEducacional.StudentAdministration.Application.Tests\PlataformaEducacional.StudentAdministration.Application.Tests.csproj", "{A1989956-178F-48F6-BE69-37961D4D3459}"
EndProject
Project("{FAE04EC0-301F-11D3-BF4B-00C04F79EFBC}") = "PlataformaEducational.ContentManagement.Application.Tests", "PlataformaEducational.ContentManagement.Application.Tests\PlataformaEducational.ContentManagement.Application.Tests.csproj", "{42803EB1-63C2-494D-915D-4A0A8BFC6CB9}"
EndProject
Project("{FAE04EC0-301F-11D3-BF4B-00C04F79EFBC}") = "PlataformaEducacional.ContentManagement.Domain.Tests", "PlataformaEducacional.ContentManagement.Domain.Tests\PlataformaEducacional.ContentManagement.Domain.Tests.csproj", "{A68802CB-D5A6-4E20-8C6A-FD080B00421A}"
EndProject
Project("{FAE04EC0-301F-11D3-BF4B-00C04F79EFBC}") = "PlataformaEducacional.FinancialManagement.Core.Tests", "PlataformaEducacional.FinancialManagement.Core.Tests\PlataformaEducacional.FinancialManagement.Core.Tests.csproj", "{1BDB0E7D-B472-40F8-80D2-A3336954C0AD}"
EndProject
Project("{FAE04EC0-301F-11D3-BF4B-00C04F79EFBC}") = "PlataformaEducacional.FinancialManagement.Integration.Tests", "PlataformaEducacional.FinancialManagement.Integration.Tests\PlataformaEducacional.FinancialManagement.Integration.Tests.csproj", "{98AD890E-4F6A-44C0-8590-52D511B1D2C3}"
EndProject
Project("{FAE04EC0-301F-11D3-BF4B-00C04F79EFBC}") = "PlataformaEducacional.Api.Tests", "PlataformaEducacional.Api.Tests\PlataformaEducacional.Api.Tests.csproj", "{8134E339-DB1F-4584-8455-E47E4D5C92DF}"
EndProject
Global
	GlobalSection(SolutionConfigurationPlatforms) = preSolution
		Debug|Any CPU = Debug|Any CPU
		Release|Any CPU = Release|Any CPU
	EndGlobalSection
	GlobalSection(ProjectConfigurationPlatforms) = postSolution
		{510F4A72-1E62-41EF-97DE-022591FBE3D8}.Debug|Any CPU.ActiveCfg = Debug|Any CPU
		{510F4A72-1E62-41EF-97DE-022591FBE3D8}.Debug|Any CPU.Build.0 = Debug|Any CPU
		{510F4A72-1E62-41EF-97DE-022591FBE3D8}.Release|Any CPU.ActiveCfg = Release|Any CPU
		{510F4A72-1E62-41EF-97DE-022591FBE3D8}.Release|Any CPU.Build.0 = Release|Any CPU
		{F473B31E-94FA-49FA-95E7-F17EE03D741B}.Debug|Any CPU.ActiveCfg = Debug|Any CPU
		{F473B31E-94FA-49FA-95E7-F17EE03D741B}.Debug|Any CPU.Build.0 = Debug|Any CPU
		{F473B31E-94FA-49FA-95E7-F17EE03D741B}.Release|Any CPU.ActiveCfg = Release|Any CPU
		{F473B31E-94FA-49FA-95E7-F17EE03D741B}.Release|Any CPU.Build.0 = Release|Any CPU
		{C74A176D-12BF-40D2-8243-3FF0A261C79A}.Debug|Any CPU.ActiveCfg = Debug|Any CPU
		{C74A176D-12BF-40D2-8243-3FF0A261C79A}.Debug|Any CPU.Build.0 = Debug|Any CPU
		{C74A176D-12BF-40D2-8243-3FF0A261C79A}.Release|Any CPU.ActiveCfg = Release|Any CPU
		{C74A176D-12BF-40D2-8243-3FF0A261C79A}.Release|Any CPU.Build.0 = Release|Any CPU
		{ED8AC4EA-E382-4B21-A3EB-5E9F2DB5B724}.Debug|Any CPU.ActiveCfg = Debug|Any CPU
		{ED8AC4EA-E382-4B21-A3EB-5E9F2DB5B724}.Debug|Any CPU.Build.0 = Debug|Any CPU
		{ED8AC4EA-E382-4B21-A3EB-5E9F2DB5B724}.Release|Any CPU.ActiveCfg = Release|Any CPU
		{ED8AC4EA-E382-4B21-A3EB-5E9F2DB5B724}.Release|Any CPU.Build.0 = Release|Any CPU
		{7B44630E-905B-46CF-A09B-218B244B1D1B}.Debug|Any CPU.ActiveCfg = Debug|Any CPU
		{7B44630E-905B-46CF-A09B-218B244B1D1B}.Debug|Any CPU.Build.0 = Debug|Any CPU
		{7B44630E-905B-46CF-A09B-218B244B1D1B}.Release|Any CPU.ActiveCfg = Release|Any CPU
		{7B44630E-905B-46CF-A09B-218B244B1D1B}.Release|Any CPU.Build.0 = Release|Any CPU
		{8D3D1276-DF7E-4559-ABC2-0FBDFB529238}.Debug|Any CPU.ActiveCfg = Debug|Any CPU
		{8D3D1276-DF7E-4559-ABC2-0FBDFB529238}.Debug|Any CPU.Build.0 = Debug|Any CPU
		{8D3D1276-DF7E-4559-ABC2-0FBDFB529238}.Release|Any CPU.ActiveCfg = Release|Any CPU
		{8D3D1276-DF7E-4559-ABC2-0FBDFB529238}.Release|Any CPU.Build.0 = Release|Any CPU
		{73B6738F-5764-479B-83B6-0F855B871BCD}.Debug|Any CPU.ActiveCfg = Debug|Any CPU
		{73B6738F-5764-479B-83B6-0F855B871BCD}.Debug|Any CPU.Build.0 = Debug|Any CPU
		{73B6738F-5764-479B-83B6-0F855B871BCD}.Release|Any CPU.ActiveCfg = Release|Any CPU
		{73B6738F-5764-479B-83B6-0F855B871BCD}.Release|Any CPU.Build.0 = Release|Any CPU
		{906D3265-CB51-448D-937C-969C01ABB45C}.Debug|Any CPU.ActiveCfg = Debug|Any CPU
		{906D3265-CB51-448D-937C-969C01ABB45C}.Debug|Any CPU.Build.0 = Debug|Any CPU
		{906D3265-CB51-448D-937C-969C01ABB45C}.Release|Any CPU.ActiveCfg = Release|Any CPU
		{906D3265-CB51-448D-937C-969C01ABB45C}.Release|Any CPU.Build.0 = Release|Any CPU
		{56729051-8811-4115-9C9B-A7672152E66C}.Debug|Any CPU.ActiveCfg = Debug|Any CPU
		{56729051-8811-4115-9C9B-A7672152E66C}.Debug|Any CPU.Build.0 = Debug|Any CPU
		{56729051-8811-4115-9C9B-A7672152E66C}.Release|Any CPU.ActiveCfg = Release|Any CPU
		{56729051-8811-4115-9C9B-A7672152E66C}.Release|Any CPU.Build.0 = Release|Any CPU
		{96C759FA-37A2-42CC-AD9F-8E7904A20FAF}.Debug|Any CPU.ActiveCfg = Debug|Any CPU
		{96C759FA-37A2-42CC-AD9F-8E7904A20FAF}.Debug|Any CPU.Build.0 = Debug|Any CPU
		{96C759FA-37A2-42CC-AD9F-8E7904A20FAF}.Release|Any CPU.ActiveCfg = Release|Any CPU
		{96C759FA-37A2-42CC-AD9F-8E7904A20FAF}.Release|Any CPU.Build.0 = Release|Any CPU
		{08541466-0AD3-4379-871F-39D1F814BA1D}.Debug|Any CPU.ActiveCfg = Debug|Any CPU
		{08541466-0AD3-4379-871F-39D1F814BA1D}.Debug|Any CPU.Build.0 = Debug|Any CPU
		{08541466-0AD3-4379-871F-39D1F814BA1D}.Release|Any CPU.ActiveCfg = Release|Any CPU
		{08541466-0AD3-4379-871F-39D1F814BA1D}.Release|Any CPU.Build.0 = Release|Any CPU
		{24891258-64C8-4227-BCF0-0E0CC0E4CBCA}.Debug|Any CPU.ActiveCfg = Debug|Any CPU
		{24891258-64C8-4227-BCF0-0E0CC0E4CBCA}.Debug|Any CPU.Build.0 = Debug|Any CPU
		{24891258-64C8-4227-BCF0-0E0CC0E4CBCA}.Release|Any CPU.ActiveCfg = Release|Any CPU
		{24891258-64C8-4227-BCF0-0E0CC0E4CBCA}.Release|Any CPU.Build.0 = Release|Any CPU
		{A1989956-178F-48F6-BE69-37961D4D3459}.Debug|Any CPU.ActiveCfg = Debug|Any CPU
		{A1989956-178F-48F6-BE69-37961D4D3459}.Debug|Any CPU.Build.0 = Debug|Any CPU
		{A1989956-178F-48F6-BE69-37961D4D3459}.Release|Any CPU.ActiveCfg = Release|Any CPU
		{A1989956-178F-48F6-BE69-37961D4D3459}.Release|Any CPU.Build.0 = Release|Any CPU
		{42803EB1-63C2-494D-915D-4A0A8BFC6CB9}.Debug|Any CPU.ActiveCfg = Debug|Any CPU
		{42803EB1-63C2-494D-915D-4A0A8BFC6CB9}.Debug|Any CPU.Build.0 = Debug|Any CPU
		{42803EB1-63C2-494D-915D-4A0A8BFC6CB9}.Release|Any CPU.ActiveCfg = Release|Any CPU
		{42803EB1-63C2-494D-915D-4A0A8BFC6CB9}.Release|Any CPU.Build.0 = Release|Any CPU
		{A68802CB-D5A6-4E20-8C6A-FD080B00421A}.Debug|Any CPU.ActiveCfg = Debug|Any CPU
		{A68802CB-D5A6-4E20-8C6A-FD080B00421A}.Debug|Any CPU.Build.0 = Debug|Any CPU
		{A68802CB-D5A6-4E20-8C6A-FD080B00421A}.Release|Any CPU.ActiveCfg = Release|Any CPU
		{A68802CB-D5A6-4E20-8C6A-FD080B00421A}.Release|Any CPU.Build.0 = Release|Any CPU
		{1BDB0E7D-B472-40F8-80D2-A3336954C0AD}.Debug|Any CPU.ActiveCfg = Debug|Any CPU
		{1BDB0E7D-B472-40F8-80D2-A3336954C0AD}.Debug|Any CPU.Build.0 = Debug|Any CPU
		{1BDB0E7D-B472-40F8-80D2-A3336954C0AD}.Release|Any CPU.ActiveCfg = Release|Any CPU
		{1BDB0E7D-B472-40F8-80D2-A3336954C0AD}.Release|Any CPU.Build.0 = Release|Any CPU
		{98AD890E-4F6A-44C0-8590-52D511B1D2C3}.Debug|Any CPU.ActiveCfg = Debug|Any CPU
		{98AD890E-4F6A-44C0-8590-52D511B1D2C3}.Debug|Any CPU.Build.0 = Debug|Any CPU
		{98AD890E-4F6A-44C0-8590-52D511B1D2C3}.Release|Any CPU.ActiveCfg = Release|Any CPU
		{98AD890E-4F6A-44C0-8590-52D511B1D2C3}.Release|Any CPU.Build.0 = Release|Any CPU
		{8134E339-DB1F-4584-8455-E47E4D5C92DF}.Debug|Any CPU.ActiveCfg = Debug|Any CPU
		{8134E339-DB1F-4584-8455-E47E4D5C92DF}.Debug|Any CPU.Build.0 = Debug|Any CPU
		{8134E339-DB1F-4584-8455-E47E4D5C92DF}.Release|Any CPU.ActiveCfg = Release|Any CPU
		{8134E339-DB1F-4584-8455-E47E4D5C92DF}.Release|Any CPU.Build.0 = Release|Any CPU
	EndGlobalSection
	GlobalSection(SolutionProperties) = preSolution
		HideSolutionNode = FALSE
	EndGlobalSection
	GlobalSection(NestedProjects) = preSolution
		{02EA681E-C7D8-13C7-8484-4AC65E1B71E8} = {6B6F3F35-69CC-4C99-B26F-30AB1B54F9EA}
		{C74A176D-12BF-40D2-8243-3FF0A261C79A} = {02EA681E-C7D8-13C7-8484-4AC65E1B71E8}
		{ED8AC4EA-E382-4B21-A3EB-5E9F2DB5B724} = {02EA681E-C7D8-13C7-8484-4AC65E1B71E8}
		{7B44630E-905B-46CF-A09B-218B244B1D1B} = {02EA681E-C7D8-13C7-8484-4AC65E1B71E8}
		{36A78E05-2E5F-4286-86B1-9ADEB6412D0C} = {6B6F3F35-69CC-4C99-B26F-30AB1B54F9EA}
		{8D3D1276-DF7E-4559-ABC2-0FBDFB529238} = {36A78E05-2E5F-4286-86B1-9ADEB6412D0C}
		{73B6738F-5764-479B-83B6-0F855B871BCD} = {36A78E05-2E5F-4286-86B1-9ADEB6412D0C}
		{906D3265-CB51-448D-937C-969C01ABB45C} = {36A78E05-2E5F-4286-86B1-9ADEB6412D0C}
		{C69E7900-F82B-4C28-BFF9-7F74E559F9F7} = {6B6F3F35-69CC-4C99-B26F-30AB1B54F9EA}
		{56729051-8811-4115-9C9B-A7672152E66C} = {C69E7900-F82B-4C28-BFF9-7F74E559F9F7}
		{96C759FA-37A2-42CC-AD9F-8E7904A20FAF} = {C69E7900-F82B-4C28-BFF9-7F74E559F9F7}
		{08541466-0AD3-4379-871F-39D1F814BA1D} = {C69E7900-F82B-4C28-BFF9-7F74E559F9F7}
		{24891258-64C8-4227-BCF0-0E0CC0E4CBCA} = {501E9840-B0D5-441E-AA7F-4328DDB0216C}
		{A1989956-178F-48F6-BE69-37961D4D3459} = {501E9840-B0D5-441E-AA7F-4328DDB0216C}
		{42803EB1-63C2-494D-915D-4A0A8BFC6CB9} = {501E9840-B0D5-441E-AA7F-4328DDB0216C}
		{A68802CB-D5A6-4E20-8C6A-FD080B00421A} = {501E9840-B0D5-441E-AA7F-4328DDB0216C}
		{1BDB0E7D-B472-40F8-80D2-A3336954C0AD} = {501E9840-B0D5-441E-AA7F-4328DDB0216C}
		{98AD890E-4F6A-44C0-8590-52D511B1D2C3} = {501E9840-B0D5-441E-AA7F-4328DDB0216C}
		{8134E339-DB1F-4584-8455-E47E4D5C92DF} = {501E9840-B0D5-441E-AA7F-4328DDB0216C}
	EndGlobalSection
	GlobalSection(ExtensibilityGlobals) = postSolution
		SolutionGuid = {E7CD219E-E242-4881-B788-302DE2050349}
	EndGlobalSection
EndGlobal
